
Microsoft Visual Studio Solution File, Format Version 12.00
# Visual Studio Version 17
VisualStudioVersion = 17.0.32014.148
MinimumVisualStudioVersion = 10.0.40219.1
Project("{9A19103F-16F7-4668-BE54-9A1E7A4F7556}") = "TableTennis.Console", "TableTannisScoring\TableTennis.Console.csproj", "{C0BEAACA-0922-4B13-B31E-79DED470C3E3}"
EndProject
Project("{9A19103F-16F7-4668-BE54-9A1E7A4F7556}") = "TableTennis.Tests", "TableTannisScoring.Tests\TableTennis.Tests.csproj", "{D6054990-0075-49DE-8EEA-C53B1A05DAE6}"
EndProject
Global
	GlobalSection(SolutionConfigurationPlatforms) = preSolution
		Debug|Any CPU = Debug|Any CPU
		Release|Any CPU = Release|Any CPU
	EndGlobalSection
	GlobalSection(ProjectConfigurationPlatforms) = postSolution
		{C0BEAACA-0922-4B13-B31E-79DED470C3E3}.Debug|Any CPU.ActiveCfg = Debug|Any CPU
		{C0BEAACA-0922-4B13-B31E-79DED470C3E3}.Debug|Any CPU.Build.0 = Debug|Any CPU
		{C0BEAACA-0922-4B13-B31E-79DED470C3E3}.Release|Any CPU.ActiveCfg = Release|Any CPU
		{C0BEAACA-0922-4B13-B31E-79DED470C3E3}.Release|Any CPU.Build.0 = Release|Any CPU
		{D6054990-0075-49DE-8EEA-C53B1A05DAE6}.Debug|Any CPU.ActiveCfg = Debug|Any CPU
		{D6054990-0075-49DE-8EEA-C53B1A05DAE6}.Debug|Any CPU.Build.0 = Debug|Any CPU
		{D6054990-0075-49DE-8EEA-C53B1A05DAE6}.Release|Any CPU.ActiveCfg = Release|Any CPU
		{D6054990-0075-49DE-8EEA-C53B1A05DAE6}.Release|Any CPU.Build.0 = Release|Any CPU
	EndGlobalSection
	GlobalSection(SolutionProperties) = preSolution
		HideSolutionNode = FALSE
	EndGlobalSection
	GlobalSection(ExtensibilityGlobals) = postSolution
		SolutionGuid = {D04888E6-AD53-4E8C-90CF-E64F721927A2}
	EndGlobalSection
EndGlobal
